
Microsoft Visual Studio Solution File, Format Version 12.00
# Visual Studio Version 16
VisualStudioVersion = 16.0.32802.440
MinimumVisualStudioVersion = 10.0.40219.1
Project("{FAE04EC0-301F-11D3-BF4B-00C04F79EFBC}") = "LV1_Zad1", "LV1_Zad1\LV1_Zad1.csproj", "{7E10D07B-DC52-4E4A-AE76-667F783C598D}"
EndProject
Global
	GlobalSection(SolutionConfigurationPlatforms) = preSolution
		Debug|Any CPU = Debug|Any CPU
		Release|Any CPU = Release|Any CPU
	EndGlobalSection
	GlobalSection(ProjectConfigurationPlatforms) = postSolution
		{7E10D07B-DC52-4E4A-AE76-667F783C598D}.Debug|Any CPU.ActiveCfg = Debug|Any CPU
		{7E10D07B-DC52-4E4A-AE76-667F783C598D}.Debug|Any CPU.Build.0 = Debug|Any CPU
		{7E10D07B-DC52-4E4A-AE76-667F783C598D}.Release|Any CPU.ActiveCfg = Release|Any CPU
		{7E10D07B-DC52-4E4A-AE76-667F783C598D}.Release|Any CPU.Build.0 = Release|Any CPU
	EndGlobalSection
	GlobalSection(SolutionProperties) = preSolution
		HideSolutionNode = FALSE
	EndGlobalSection
	GlobalSection(ExtensibilityGlobals) = postSolution
		SolutionGuid = {8D5C490B-B6FD-461E-BFD4-61A950323BC6}
	EndGlobalSection
EndGlobal
